# @generated - this file is auto-generated by `mise lock` https://mise.en.dev/dev-tools/mise-lock.html

[conda-packages.linux-arm64."_openmp_mutex-4.5-20_gnu"]
url = "https://conda.anaconda.org/conda-forge/linux-aarch64/_openmp_mutex-4.5-20_gnu.conda"
checksum = "sha256:a2527b1d81792a0ccd2c05850960df119c2b6d8f5fdec97f2db7d25dc23b1068"

[conda-packages.linux-arm64."libgcc-15.2.0-h8acb6b2_19"]
url = "https://conda.anaconda.org/conda-forge/linux-aarch64/libgcc-15.2.0-h8acb6b2_19.conda"
checksum = "sha256:4592b096e553f67799ae70d4b6167eeda3ec74587d68c7aecbf4e7b1df136681"

[conda-packages.linux-arm64."libgomp-15.2.0-h8acb6b2_19"]
url = "https://conda.anaconda.org/conda-forge/linux-aarch64/libgomp-15.2.0-h8acb6b2_19.conda"
checksum = "sha256:2370ef0ffcbae5bede3c4bf136add4abc257245eb91f724c99bb4a43116c5a83"

[conda-packages.linux-arm64-musl."_openmp_mutex-4.5-20_gnu"]
url = "https://conda.anaconda.org/conda-forge/linux-aarch64/_openmp_mutex-4.5-20_gnu.conda"
checksum = "sha256:a2527b1d81792a0ccd2c05850960df119c2b6d8f5fdec97f2db7d25dc23b1068"

[conda-packages.linux-arm64-musl."libgcc-15.2.0-h8acb6b2_19"]
url = "https://conda.anaconda.org/conda-forge/linux-aarch64/libgcc-15.2.0-h8acb6b2_19.conda"
checksum = "sha256:4592b096e553f67799ae70d4b6167eeda3ec74587d68c7aecbf4e7b1df136681"

[conda-packages.linux-arm64-musl."libgomp-15.2.0-h8acb6b2_19"]
url = "https://conda.anaconda.org/conda-forge/linux-aarch64/libgomp-15.2.0-h8acb6b2_19.conda"
checksum = "sha256:2370ef0ffcbae5bede3c4bf136add4abc257245eb91f724c99bb4a43116c5a83"

[conda-packages.windows-x64."_openmp_mutex-4.5-20_gnu"]
url = "https://conda.anaconda.org/conda-forge/win-64/_openmp_mutex-4.5-20_gnu.conda"
checksum = "sha256:8a1cee28bd0ee7451ada1cd50b64720e57e17ff994fc62dd8329bef570d382e4"

[conda-packages.windows-x64."libgcc-15.2.0-h8ee18e1_19"]
url = "https://conda.anaconda.org/conda-forge/win-64/libgcc-15.2.0-h8ee18e1_19.conda"
checksum = "sha256:80e80ef5e31b00b12539db3c5aaecde60dab91381abfc1060e323d5c3b016dce"

[conda-packages.windows-x64."libgomp-15.2.0-h8ee18e1_19"]
url = "https://conda.anaconda.org/conda-forge/win-64/libgomp-15.2.0-h8ee18e1_19.conda"
checksum = "sha256:4dc958ced2fc7f42bc675b07e2c9abe3e150875ffdf62ca551d94fc6facf1fd7"

[conda-packages.windows-x64."libwinpthread-12.0.0.r4.gg4f2fc60ca-h57928b3_10"]
url = "https://conda.anaconda.org/conda-forge/win-64/libwinpthread-12.0.0.r4.gg4f2fc60ca-h57928b3_10.conda"
checksum = "sha256:0fccf2d17026255b6e10ace1f191d0a2a18f2d65088fd02430be17c701f8ffe0"

[conda-packages.windows-x64."ucrt-10.0.26100.0-h57928b3_0"]
url = "https://conda.anaconda.org/conda-forge/win-64/ucrt-10.0.26100.0-h57928b3_0.conda"
checksum = "sha256:3005729dce6f3d3f5ec91dfc49fc75a0095f9cd23bab49efb899657297ac91a5"

[[tools.actionlint]]
version = "1.7.12"
backend = "aqua:rhysd/actionlint"

[tools.actionlint."platforms.linux-arm64"]
checksum = "sha256:325e971b6ba9bfa504672e29be93c24981eeb1c07576d730e9f7c8805afff0c6"
url = "https://github.com/rhysd/actionlint/releases/download/v1.7.12/actionlint_1.7.12_linux_arm64.tar.gz"
url_api = "https://api.github.com/repos/rhysd/actionlint/releases/assets/384924897"
provenance = "github-attestations"

[tools.actionlint."platforms.linux-arm64-musl"]
checksum = "sha256:325e971b6ba9bfa504672e29be93c24981eeb1c07576d730e9f7c8805afff0c6"
url = "https://github.com/rhysd/actionlint/releases/download/v1.7.12/actionlint_1.7.12_linux_arm64.tar.gz"
url_api = "https://api.github.com/repos/rhysd/actionlint/releases/assets/384924897"
provenance = "github-attestations"

[tools.actionlint."platforms.linux-x64"]
checksum = "sha256:8aca8db96f1b94770f1b0d72b6dddcb1ebb8123cb3712530b08cc387b349a3d8"
url = "https://github.com/rhysd/actionlint/releases/download/v1.7.12/actionlint_1.7.12_linux_amd64.tar.gz"
url_api = "https://api.github.com/repos/rhysd/actionlint/releases/assets/384924896"
provenance = "github-attestations"

[tools.actionlint."platforms.linux-x64-musl"]
checksum = "sha256:8aca8db96f1b94770f1b0d72b6dddcb1ebb8123cb3712530b08cc387b349a3d8"
url = "https://github.com/rhysd/actionlint/releases/download/v1.7.12/actionlint_1.7.12_linux_amd64.tar.gz"
url_api = "https://api.github.com/repos/rhysd/actionlint/releases/assets/384924896"
provenance = "github-attestations"

[tools.actionlint."platforms.macos-arm64"]
checksum = "sha256:aba9ced2dee8d27fecca3dc7feb1a7f9a52caefa1eb46f3271ea66b6e0e6953f"
url = "https://github.com/rhysd/actionlint/releases/download/v1.7.12/actionlint_1.7.12_darwin_arm64.tar.gz"
url_api = "https://api.github.com/repos/rhysd/actionlint/releases/assets/384924893"
provenance = "github-attestations"

[tools.actionlint."platforms.macos-x64"]
checksum = "sha256:5b44c3bc2255115c9b69e30efc0fecdf498fdb63c5d58e17084fd5f16324c644"
url = "https://github.com/rhysd/actionlint/releases/download/v1.7.12/actionlint_1.7.12_darwin_amd64.tar.gz"
url_api = "https://api.github.com/repos/rhysd/actionlint/releases/assets/384924880"
provenance = "github-attestations"

[tools.actionlint."platforms.windows-x64"]
checksum = "sha256:6e7241b51e6817ea6a047693d8e6fed13b31819c9a0dd6c5a726e1592d22f6e9"
url = "https://github.com/rhysd/actionlint/releases/download/v1.7.12/actionlint_1.7.12_windows_amd64.zip"
url_api = "https://api.github.com/repos/rhysd/actionlint/releases/assets/384924919"
provenance = "github-attestations"

[[tools."aqua:numtide/treefmt"]]
version = "2.6.0"
backend = "aqua:numtide/treefmt"

[tools."aqua:numtide/treefmt"."platforms.linux-arm64"]
checksum = "sha256:b904761b1b7f710022a5fe6baa2554db784b9b8dd51bc26595f57bfbba2e0479"
url = "https://github.com/numtide/treefmt/releases/download/v2.6.0/treefmt_2.6.0_linux_arm64.tar.gz"
url_api = "https://api.github.com/repos/numtide/treefmt/releases/assets/538372953"

[tools."aqua:numtide/treefmt"."platforms.linux-arm64-musl"]
checksum = "sha256:b904761b1b7f710022a5fe6baa2554db784b9b8dd51bc26595f57bfbba2e0479"
url = "https://github.com/numtide/treefmt/releases/download/v2.6.0/treefmt_2.6.0_linux_arm64.tar.gz"
url_api = "https://api.github.com/repos/numtide/treefmt/releases/assets/538372953"

[tools."aqua:numtide/treefmt"."platforms.linux-x64"]
checksum = "sha256:2deff4c0f381d560784c5632cf5860da712891ccd9185306e73d8ba37778ab7f"
url = "https://github.com/numtide/treefmt/releases/download/v2.6.0/treefmt_2.6.0_linux_amd64.tar.gz"
url_api = "https://api.github.com/repos/numtide/treefmt/releases/assets/538372955"

[tools."aqua:numtide/treefmt"."platforms.linux-x64-musl"]
checksum = "sha256:2deff4c0f381d560784c5632cf5860da712891ccd9185306e73d8ba37778ab7f"
url = "https://github.com/numtide/treefmt/releases/download/v2.6.0/treefmt_2.6.0_linux_amd64.tar.gz"
url_api = "https://api.github.com/repos/numtide/treefmt/releases/assets/538372955"

[tools."aqua:numtide/treefmt"."platforms.macos-arm64"]
checksum = "sha256:82e319eaf4be6d1268f01940590f59dc5c873955d4d2110b7fd45ce685b57b7e"
url = "https://github.com/numtide/treefmt/releases/download/v2.6.0/treefmt_2.6.0_darwin_arm64.tar.gz"
url_api = "https://api.github.com/repos/numtide/treefmt/releases/assets/538372971"

[tools."aqua:numtide/treefmt"."platforms.macos-x64"]
checksum = "sha256:7a83658770a698f68fe49f52f1f18e610f3e9a92513b13ef9f24ca15e11cf17b"
url = "https://github.com/numtide/treefmt/releases/download/v2.6.0/treefmt_2.6.0_darwin_amd64.tar.gz"
url_api = "https://api.github.com/repos/numtide/treefmt/releases/assets/538372950"

[[tools."aqua:protocolbuffers/protobuf/protoc"]]
version = "34.1"
backend = "aqua:protocolbuffers/protobuf/protoc"

[tools."aqua:protocolbuffers/protobuf/protoc"."platforms.linux-arm64"]
checksum = "sha256:31c5e9e3c7bf013cf41fb97765ee255c140024a6b175b6cc9b64beddd7c23ba7"
url = "https://github.com/protocolbuffers/protobuf/releases/download/v34.1/protoc-34.1-linux-aarch_64.zip"

[tools."aqua:protocolbuffers/protobuf/protoc"."platforms.linux-arm64-musl"]
checksum = "sha256:31c5e9e3c7bf013cf41fb97765ee255c140024a6b175b6cc9b64beddd7c23ba7"
url = "https://github.com/protocolbuffers/protobuf/releases/download/v34.1/protoc-34.1-linux-aarch_64.zip"

[tools."aqua:protocolbuffers/protobuf/protoc"."platforms.linux-x64"]
checksum = "sha256:af27ea66cd26938fe48587804ca7d4817457a08350021a1c6e23a27ccc8c6904"
url = "https://github.com/protocolbuffers/protobuf/releases/download/v34.1/protoc-34.1-linux-x86_64.zip"

[tools."aqua:protocolbuffers/protobuf/protoc"."platforms.linux-x64-musl"]
checksum = "sha256:af27ea66cd26938fe48587804ca7d4817457a08350021a1c6e23a27ccc8c6904"
url = "https://github.com/protocolbuffers/protobuf/releases/download/v34.1/protoc-34.1-linux-x86_64.zip"

[tools."aqua:protocolbuffers/protobuf/protoc"."platforms.macos-arm64"]
checksum = "sha256:2c7e92b8b578916937df132b3032e2e8e6c170862ecf7a8333094a6f3d03650c"
url = "https://github.com/protocolbuffers/protobuf/releases/download/v34.1/protoc-34.1-osx-aarch_64.zip"

[tools."aqua:protocolbuffers/protobuf/protoc"."platforms.macos-x64"]
checksum = "sha256:ab124429c1f49951f03b6c0c0e911fec04e2c7c20de5c935e0cde7353bbd016c"
url = "https://github.com/protocolbuffers/protobuf/releases/download/v34.1/protoc-34.1-osx-x86_64.zip"

[tools."aqua:protocolbuffers/protobuf/protoc"."platforms.windows-x64"]
checksum = "sha256:6d7ebdc75e9c1f0026d4fb28f17ef1d0aae77d36744d83a9e052d79ba493724f"
url = "https://github.com/protocolbuffers/protobuf/releases/download/v34.1/protoc-34.1-win64.zip"

[[tools.buildifier]]
version = "10.1.0"
backend = "aqua:bazelbuild/buildtools/buildifier"

[tools.buildifier."platforms.linux-arm64"]
checksum = "sha256:38d2ed845f560b4a16ddee41de906508a95f8dc85b04e0851b0a71e3a70d3890"
url = "https://github.com/bazel-contrib/buildtools/releases/download/v10.1.0/buildifier-linux-arm64"
url_api = "https://api.github.com/repos/bazel-contrib/buildtools/releases/assets/582390420"

[tools.buildifier."platforms.linux-arm64-musl"]
checksum = "sha256:38d2ed845f560b4a16ddee41de906508a95f8dc85b04e0851b0a71e3a70d3890"
url = "https://github.com/bazel-contrib/buildtools/releases/download/v10.1.0/buildifier-linux-arm64"
url_api = "https://api.github.com/repos/bazel-contrib/buildtools/releases/assets/582390420"

[tools.buildifier."platforms.linux-x64"]
checksum = "sha256:31b6a8aa1e5c746696788f428729701770ad91925873d8256cb885c60e12c77e"
url = "https://github.com/bazel-contrib/buildtools/releases/download/v10.1.0/buildifier-linux-amd64"
url_api = "https://api.github.com/repos/bazel-contrib/buildtools/releases/assets/582390416"

[tools.buildifier."platforms.linux-x64-musl"]
checksum = "sha256:31b6a8aa1e5c746696788f428729701770ad91925873d8256cb885c60e12c77e"
url = "https://github.com/bazel-contrib/buildtools/releases/download/v10.1.0/buildifier-linux-amd64"
url_api = "https://api.github.com/repos/bazel-contrib/buildtools/releases/assets/582390416"

[tools.buildifier."platforms.macos-arm64"]
checksum = "sha256:e9804864c407f920f5ecbf03a5e056a8145e11a6ae6b90d2438a3fd106d34473"
url = "https://github.com/bazel-contrib/buildtools/releases/download/v10.1.0/buildifier-darwin-arm64"
url_api = "https://api.github.com/repos/bazel-contrib/buildtools/releases/assets/582390422"

[tools.buildifier."platforms.macos-x64"]
checksum = "sha256:e9e10ff52ec8786fcabccd251c8109ebf31ef7be1f667e27c6e069b96dbdc1f6"
url = "https://github.com/bazel-contrib/buildtools/releases/download/v10.1.0/buildifier-darwin-amd64"
url_api = "https://api.github.com/repos/bazel-contrib/buildtools/releases/assets/582390417"

[tools.buildifier."platforms.windows-x64"]
checksum = "sha256:931a6e9c3844b90ccdb1467ccacd8dd72457e308d2709d624a3c5880d835ac3c"
url = "https://github.com/bazel-contrib/buildtools/releases/download/v10.1.0/buildifier-windows-amd64.exe"
url_api = "https://api.github.com/repos/bazel-contrib/buildtools/releases/assets/582390451"

[[tools.go]]
version = "1.27.0"
backend = "core:go"

[tools.go."platforms.linux-arm64"]
checksum = "sha256:51798d2c42d0e1c6ed7fd9f48728b4193abac9e8aad6dbac2fe96a81f5909bda"
url = "https://dl.google.com/go/go1.27.0.linux-arm64.tar.gz"

[tools.go."platforms.linux-arm64-musl"]
checksum = "sha256:51798d2c42d0e1c6ed7fd9f48728b4193abac9e8aad6dbac2fe96a81f5909bda"
url = "https://dl.google.com/go/go1.27.0.linux-arm64.tar.gz"

[tools.go."platforms.linux-x64"]
checksum = "sha256:675c26c449cbb18fc24b74650de1eabbae6e16f64326fd85a283fb3b58280685"
url = "https://dl.google.com/go/go1.27.0.linux-amd64.tar.gz"

[tools.go."platforms.linux-x64-musl"]
checksum = "sha256:675c26c449cbb18fc24b74650de1eabbae6e16f64326fd85a283fb3b58280685"
url = "https://dl.google.com/go/go1.27.0.linux-amd64.tar.gz"

[tools.go."platforms.macos-arm64"]
checksum = "sha256:90493b3bbd5e10f91d12153198bf1994fd756399b4fec93b49b0c6e2acdeeb3e"
url = "https://dl.google.com/go/go1.27.0.darwin-arm64.tar.gz"

[tools.go."platforms.macos-x64"]
checksum = "sha256:d3314e25496e4381d71a5c51d2907e7af655d199f6780b549f015bd85fef4986"
url = "https://dl.google.com/go/go1.27.0.darwin-amd64.tar.gz"

[tools.go."platforms.windows-x64"]
checksum = "sha256:f0c0a0d33ba94f4d2c5dbc887334ce678b21813504ddb3aafcb06e60a5a667c4"
url = "https://dl.google.com/go/go1.27.0.windows-amd64.zip"

[[tools."go:go.uber.org/nilaway/cmd/nilaway"]]
version = "0.0.0-20260918162853-acb8859b9031"
backend = "go:go.uber.org/nilaway/cmd/nilaway"

[[tools."go:golang.org/x/tools/cmd/goimports"]]
version = "0.50.0"
backend = "go:golang.org/x/tools/cmd/goimports"

[[tools."go:google.golang.org/protobuf/cmd/protoc-gen-go"]]
version = "1.36.12"
backend = "go:google.golang.org/protobuf/cmd/protoc-gen-go"

[[tools."go:gotest.tools/gotestsum"]]
version = "1.13.0"
backend = "go:gotest.tools/gotestsum"

[[tools.golangci-lint]]
version = "2.14.0"
backend = "aqua:golangci/golangci-lint"

[tools.golangci-lint."platforms.linux-arm64"]
checksum = "sha256:ee7ec5f3453d15ddf106fae5a4d6c71737712348a979d1fe9cd52ec7ea299bae"
url = "https://github.com/golangci/golangci-lint/releases/download/v2.14.0/golangci-lint-2.14.0-linux-arm64.tar.gz"
url_api = "https://api.github.com/repos/golangci/golangci-lint/releases/assets/585813674"
provenance = "github-attestations"

[tools.golangci-lint."platforms.linux-arm64-musl"]
checksum = "sha256:ee7ec5f3453d15ddf106fae5a4d6c71737712348a979d1fe9cd52ec7ea299bae"
url = "https://github.com/golangci/golangci-lint/releases/download/v2.14.0/golangci-lint-2.14.0-linux-arm64.tar.gz"
url_api = "https://api.github.com/repos/golangci/golangci-lint/releases/assets/585813674"
provenance = "github-attestations"

[tools.golangci-lint."platforms.linux-x64"]
checksum = "sha256:ab90aeb7b066f92a33415b638a50fe5344bbb75a0d32ad30cc248d88f81032ab"
url = "https://github.com/golangci/golangci-lint/releases/download/v2.14.0/golangci-lint-2.14.0-linux-amd64.tar.gz"
url_api = "https://api.github.com/repos/golangci/golangci-lint/releases/assets/585813815"
provenance = "github-attestations"

[tools.golangci-lint."platforms.linux-x64-musl"]
checksum = "sha256:ab90aeb7b066f92a33415b638a50fe5344bbb75a0d32ad30cc248d88f81032ab"
url = "https://github.com/golangci/golangci-lint/releases/download/v2.14.0/golangci-lint-2.14.0-linux-amd64.tar.gz"
url_api = "https://api.github.com/repos/golangci/golangci-lint/releases/assets/585813815"
provenance = "github-attestations"

[tools.golangci-lint."platforms.macos-arm64"]
checksum = "sha256:5ef5f36a7147e91dc58ef9ef4d11bb7bad5ead0c76eb6c01327a73c641d1dcc3"
url = "https://github.com/golangci/golangci-lint/releases/download/v2.14.0/golangci-lint-2.14.0-darwin-arm64.tar.gz"
url_api = "https://api.github.com/repos/golangci/golangci-lint/releases/assets/585813591"
provenance = "github-attestations"

[tools.golangci-lint."platforms.macos-x64"]
checksum = "sha256:a5667c1c3536be1740133213e1e822bfb8f0d98ea12903174d6d5f635e4ed68d"
url = "https://github.com/golangci/golangci-lint/releases/download/v2.14.0/golangci-lint-2.14.0-darwin-amd64.tar.gz"
url_api = "https://api.github.com/repos/golangci/golangci-lint/releases/assets/585813755"
provenance = "github-attestations"

[tools.golangci-lint."platforms.windows-x64"]
checksum = "sha256:b15f903d1649283a2ab6e8d2f0c317eaf1f9f6b3763950e7e8b7e72a43dd724f"
url = "https://github.com/golangci/golangci-lint/releases/download/v2.14.0/golangci-lint-2.14.0-windows-amd64.zip"
url_api = "https://api.github.com/repos/golangci/golangci-lint/releases/assets/585813793"
provenance = "github-attestations"

[[tools.jj]]
version = "0.45.1"
backend = "aqua:jj-vcs/jj"

[tools.jj."platforms.linux-arm64"]
checksum = "sha256:7349a43dd5a20dbc998b10114daa0ee63d2ab863fb822c7eb6b0ebca5903cc69"
url = "https://github.com/jj-vcs/jj/releases/download/v0.45.1/jj-v0.45.1-aarch64-unknown-linux-musl.tar.gz"
url_api = "https://api.github.com/repos/jj-vcs/jj/releases/assets/543031340"

[tools.jj."platforms.linux-arm64-musl"]
checksum = "sha256:7349a43dd5a20dbc998b10114daa0ee63d2ab863fb822c7eb6b0ebca5903cc69"
url = "https://github.com/jj-vcs/jj/releases/download/v0.45.1/jj-v0.45.1-aarch64-unknown-linux-musl.tar.gz"
url_api = "https://api.github.com/repos/jj-vcs/jj/releases/assets/543031340"

[tools.jj."platforms.linux-x64"]
checksum = "sha256:f35438350b5d61963aac5dd74ede510b31d6b9690769d1a6268cf058cc825f72"
url = "https://github.com/jj-vcs/jj/releases/download/v0.45.1/jj-v0.45.1-x86_64-unknown-linux-musl.tar.gz"
url_api = "https://api.github.com/repos/jj-vcs/jj/releases/assets/543032052"

[tools.jj."platforms.linux-x64-musl"]
checksum = "sha256:f35438350b5d61963aac5dd74ede510b31d6b9690769d1a6268cf058cc825f72"
url = "https://github.com/jj-vcs/jj/releases/download/v0.45.1/jj-v0.45.1-x86_64-unknown-linux-musl.tar.gz"
url_api = "https://api.github.com/repos/jj-vcs/jj/releases/assets/543032052"

[tools.jj."platforms.macos-arm64"]
checksum = "sha256:51ba42e3d0682616f6eb015045bfe45289b396f03511f9897f645ce8e9272743"
url = "https://github.com/jj-vcs/jj/releases/download/v0.45.1/jj-v0.45.1-aarch64-apple-darwin.tar.gz"
url_api = "https://api.github.com/repos/jj-vcs/jj/releases/assets/543036998"

[tools.jj."platforms.macos-x64"]
checksum = "sha256:6171582d0b5a98a1005cd9643faebff7936812ec264d7968a39d9cef3654a99b"
url = "https://github.com/jj-vcs/jj/releases/download/v0.45.1/jj-v0.45.1-x86_64-apple-darwin.tar.gz"
url_api = "https://api.github.com/repos/jj-vcs/jj/releases/assets/543034411"

[tools.jj."platforms.windows-x64"]
checksum = "sha256:5dbf2619272c897394d34190a94b21a6ab8d1e8e59fcf7dfc173d8fa8aa90bf0"
url = "https://github.com/jj-vcs/jj/releases/download/v0.45.1/jj-v0.45.1-x86_64-pc-windows-msvc.zip"
url_api = "https://api.github.com/repos/jj-vcs/jj/releases/assets/543038773"

[[tools.make]]
version = "4.4.1"
backend = "conda:make"

[tools.make."platforms.linux-arm64"]
checksum = "sha256:d243aea768e6fa360b7eda598340f43d2a41c9fc169d9f97f505410be68815f8"
url = "https://conda.anaconda.org/conda-forge/linux-aarch64/make-4.4.1-h2a6d0cb_2.conda"
conda_deps = [
    "libgcc-15.2.0-h8acb6b2_19",
    "_openmp_mutex-4.5-20_gnu",
    "libgomp-15.2.0-h8acb6b2_19",
]

[tools.make."platforms.linux-arm64-musl"]
checksum = "sha256:d243aea768e6fa360b7eda598340f43d2a41c9fc169d9f97f505410be68815f8"
url = "https://conda.anaconda.org/conda-forge/linux-aarch64/make-4.4.1-h2a6d0cb_2.conda"
conda_deps = [
    "libgcc-15.2.0-h8acb6b2_19",
    "_openmp_mutex-4.5-20_gnu",
    "libgomp-15.2.0-h8acb6b2_19",
]

[tools.make."platforms.macos-arm64"]
checksum = "sha256:90ca65e788406d9029ae23ad4bd944a8b5353ad5f59bd6ce326f980cde46f37e"
url = "https://conda.anaconda.org/conda-forge/osx-arm64/make-4.4.1-hc9fafa5_2.conda"
conda_deps = []

[tools.make."platforms.macos-x64"]
checksum = "sha256:5a5ab3ee828309185e0a76ca80f5da85f31d8480d923abb508ca00fe194d1b5a"
url = "https://conda.anaconda.org/conda-forge/osx-64/make-4.4.1-h00291cd_2.conda"
conda_deps = []

[tools.make."platforms.windows-x64"]
checksum = "sha256:a810cdca3d5fa50d562cda23c0c1195b45ff5f9b0c41e0d4c8c2dd3c043ff4f2"
url = "https://conda.anaconda.org/conda-forge/win-64/make-4.4.1-h0e40799_2.conda"
conda_deps = [
    "libgcc-15.2.0-h8ee18e1_19",
    "libwinpthread-12.0.0.r4.gg4f2fc60ca-h57928b3_10",
    "ucrt-10.0.26100.0-h57928b3_0",
    "_openmp_mutex-4.5-20_gnu",
    "libgomp-15.2.0-h8ee18e1_19",
]

[[tools.node]]
version = "24.21.0"
backend = "core:node"

[tools.node."platforms.linux-arm64"]
checksum = "sha256:724282c3b43aec998aa9527380465b45d229e021b58035f5f4f63095eabfe5d5"
url = "https://nodejs.org/dist/v24.21.0/node-v24.21.0-linux-arm64.tar.gz"

[tools.node."platforms.linux-arm64-musl"]
checksum = "sha256:3048b0811e158ca0d8672b59c839861763e144492980d8d29b369dfee45747e4"
url = "https://unofficial-builds.nodejs.org/download/release/v24.21.0/node-v24.21.0-linux-arm64-musl.tar.gz"

[tools.node."platforms.linux-x64"]
checksum = "sha256:6e1db87ef58b8819e5d5402eff1536491b18edd8eb7bee5ef7897876e88dc5ff"
url = "https://nodejs.org/dist/v24.21.0/node-v24.21.0-linux-x64.tar.gz"

[tools.node."platforms.linux-x64-musl"]
checksum = "sha256:01a713e34da98e7b4d2a3191ee7ca3f93dd0384d1a2ef23c379b2161ee6e133a"
url = "https://unofficial-builds.nodejs.org/download/release/v24.21.0/node-v24.21.0-linux-x64-musl.tar.gz"

[tools.node."platforms.macos-arm64"]
checksum = "sha256:bed7eea5325e1108f32ce5228ddd6a5f0f08a499ee42aa7442aea583702f6057"
url = "https://nodejs.org/dist/v24.21.0/node-v24.21.0-darwin-arm64.tar.gz"

[tools.node."platforms.macos-x64"]
checksum = "sha256:1462cb3b3046b815cf8ea436d3da450ec1a9f11dac7e5a46b0ada5305d7e8097"
url = "https://nodejs.org/dist/v24.21.0/node-v24.21.0-darwin-x64.tar.gz"

[tools.node."platforms.windows-x64"]
checksum = "sha256:158f7685b44de51f6c0df1d153526cbcd3e1bc739a8dfc607721cef75de9e541"
url = "https://nodejs.org/dist/v24.21.0/node-v24.21.0-win-x64.zip"

[[tools."npm:oxfmt"]]
version = "0.70.0"
backend = "npm:oxfmt"

[[tools.pkl]]
version = "0.32.1"
backend = "aqua:apple/pkl"

[tools.pkl."platforms.linux-arm64"]
checksum = "sha256:a76d2dd47da435a8f911b0347373f47c7e59ea54fb75ff846d20b8df10dba058"
url = "https://github.com/apple/pkl/releases/download/0.32.1/pkl-linux-aarch64"
url_api = "https://api.github.com/repos/apple/pkl/releases/assets/487426568"

[tools.pkl."platforms.linux-arm64-musl"]
checksum = "sha256:a76d2dd47da435a8f911b0347373f47c7e59ea54fb75ff846d20b8df10dba058"
url = "https://github.com/apple/pkl/releases/download/0.32.1/pkl-linux-aarch64"
url_api = "https://api.github.com/repos/apple/pkl/releases/assets/487426568"

[tools.pkl."platforms.linux-x64"]
checksum = "sha256:3180b62da95c0cad1d904e9bb6c5f4a8f9032413c21e53194bb91ff1ee5f3211"
url = "https://github.com/apple/pkl/releases/download/0.32.1/pkl-linux-amd64"
url_api = "https://api.github.com/repos/apple/pkl/releases/assets/487426567"

[tools.pkl."platforms.linux-x64-musl"]
checksum = "sha256:3180b62da95c0cad1d904e9bb6c5f4a8f9032413c21e53194bb91ff1ee5f3211"
url = "https://github.com/apple/pkl/releases/download/0.32.1/pkl-linux-amd64"
url_api = "https://api.github.com/repos/apple/pkl/releases/assets/487426567"

[tools.pkl."platforms.macos-arm64"]
checksum = "sha256:563eb51c9a20b16a3625464ed745c675ed9750381f2126722696a0d7cac1d9d3"
url = "https://github.com/apple/pkl/releases/download/0.32.1/pkl-macos-aarch64"
url_api = "https://api.github.com/repos/apple/pkl/releases/assets/487426570"

[tools.pkl."platforms.macos-x64"]
checksum = "sha256:5b74b903234047960144f66f2cebdd12d267d9b98e8155ed91d2ae5ed27e2d1f"
url = "https://github.com/apple/pkl/releases/download/0.32.1/pkl-macos-amd64"
url_api = "https://api.github.com/repos/apple/pkl/releases/assets/487426599"

[tools.pkl."platforms.windows-x64"]
checksum = "sha256:8550a00fcf027335e42c5e2cd553b88e98845408cb1880b3e3d1860caf46d22a"
url = "https://github.com/apple/pkl/releases/download/0.32.1/pkl-windows-amd64.exe"
url_api = "https://api.github.com/repos/apple/pkl/releases/assets/487426668"

[[tools.podman]]
version = "6.1.2"
backend = "github:containers/podman"

[tools.podman."platforms.linux-arm64"]
checksum = "sha256:045ba8f0f24d8bc68f436c67c0dcc235f15ccf1697596a4e0a43cc8d34ba2bea"
url = "https://github.com/podman-container-tools/podman/releases/download/v6.1.2/podman-remote-static-linux_arm64.tar.gz"
url_api = "https://api.github.com/repos/podman-container-tools/podman/releases/assets/566771170"

[tools.podman."platforms.linux-arm64-musl"]
checksum = "sha256:045ba8f0f24d8bc68f436c67c0dcc235f15ccf1697596a4e0a43cc8d34ba2bea"
url = "https://github.com/podman-container-tools/podman/releases/download/v6.1.2/podman-remote-static-linux_arm64.tar.gz"
url_api = "https://api.github.com/repos/podman-container-tools/podman/releases/assets/566771170"

[tools.podman."platforms.linux-x64"]
checksum = "sha256:6785e4dc11dad67000308749fed0f981698792309830a6b870bd5a97b3527182"
url = "https://github.com/podman-container-tools/podman/releases/download/v6.1.2/podman-remote-static-linux_amd64.tar.gz"
url_api = "https://api.github.com/repos/podman-container-tools/podman/releases/assets/566771156"

[tools.podman."platforms.linux-x64-musl"]
checksum = "sha256:6785e4dc11dad67000308749fed0f981698792309830a6b870bd5a97b3527182"
url = "https://github.com/podman-container-tools/podman/releases/download/v6.1.2/podman-remote-static-linux_amd64.tar.gz"
url_api = "https://api.github.com/repos/podman-container-tools/podman/releases/assets/566771156"

[tools.podman."platforms.macos-arm64"]
checksum = "sha256:c19c7add3dfa6d5f42e74f4b07dbecbc14b61fd21e7092ffd3dd1ba6cafbe2a6"
url = "https://github.com/podman-container-tools/podman/releases/download/v6.1.2/podman-remote-release-darwin_arm64.zip"
url_api = "https://api.github.com/repos/podman-container-tools/podman/releases/assets/566771048"

[tools.podman."platforms.windows-x64"]
checksum = "sha256:98c309e1cba4f36fc89a0819607de0696d52f0dcc0c5ef3a8d5cd87fdcf062ba"
url = "https://github.com/podman-container-tools/podman/releases/download/v6.1.2/podman-remote-release-windows_amd64.zip"
url_api = "https://api.github.com/repos/podman-container-tools/podman/releases/assets/566771051"

[[tools.prek]]
version = "0.5.3"
backend = "aqua:j178/prek"

[tools.prek."platforms.linux-arm64"]
checksum = "sha256:ad3fe48802a02ec82286ab842c4a09a4e1db765e402f1fcc016f75b6929ec480"
url = "https://github.com/j178/prek/releases/download/v0.5.3/prek-aarch64-unknown-linux-musl.tar.gz"
url_api = "https://api.github.com/repos/j178/prek/releases/assets/560889200"
provenance = "github-attestations"

[tools.prek."platforms.linux-arm64-musl"]
checksum = "sha256:ad3fe48802a02ec82286ab842c4a09a4e1db765e402f1fcc016f75b6929ec480"
url = "https://github.com/j178/prek/releases/download/v0.5.3/prek-aarch64-unknown-linux-musl.tar.gz"
url_api = "https://api.github.com/repos/j178/prek/releases/assets/560889200"
provenance = "github-attestations"

[tools.prek."platforms.linux-x64"]
checksum = "sha256:d4eae1f31c0817d0a9bfa532d4bb66df60a8b01f121def002021915e826c3d1f"
url = "https://github.com/j178/prek/releases/download/v0.5.3/prek-x86_64-unknown-linux-musl.tar.gz"
url_api = "https://api.github.com/repos/j178/prek/releases/assets/560889232"
provenance = "github-attestations"

[tools.prek."platforms.linux-x64-musl"]
checksum = "sha256:d4eae1f31c0817d0a9bfa532d4bb66df60a8b01f121def002021915e826c3d1f"
url = "https://github.com/j178/prek/releases/download/v0.5.3/prek-x86_64-unknown-linux-musl.tar.gz"
url_api = "https://api.github.com/repos/j178/prek/releases/assets/560889232"
provenance = "github-attestations"

[tools.prek."platforms.macos-arm64"]
checksum = "sha256:6006cc4e69cfc86d55f4e407ca60ba960a521befa54fece94038639b1f4de381"
url = "https://github.com/j178/prek/releases/download/v0.5.3/prek-aarch64-apple-darwin.tar.gz"
url_api = "https://api.github.com/repos/j178/prek/releases/assets/560889174"
provenance = "github-attestations"

[tools.prek."platforms.macos-x64"]
checksum = "sha256:874f05d12e7cb672758295b5253dfd05aadad3c2bcaa42ae712b917294629b07"
url = "https://github.com/j178/prek/releases/download/v0.5.3/prek-x86_64-apple-darwin.tar.gz"
url_api = "https://api.github.com/repos/j178/prek/releases/assets/560889217"
provenance = "github-attestations"

[tools.prek."platforms.windows-x64"]
checksum = "sha256:c15a5636bf93a3937507d8da2302b074b0946b3d35882471b002ea93586728d8"
url = "https://github.com/j178/prek/releases/download/v0.5.3/prek-x86_64-pc-windows-msvc.zip"
url_api = "https://api.github.com/repos/j178/prek/releases/assets/560889220"
provenance = "github-attestations"

[[tools.shfmt]]
version = "3.14.1"
backend = "aqua:mvdan/sh"

[tools.shfmt."platforms.linux-arm64"]
checksum = "sha256:5f2db09dae91fca848f7adbdd014632e921a383863a2ad7e0450ad3aba0c6489"
url = "https://github.com/mvdan/sh/releases/download/v3.14.1/shfmt_v3.14.1_linux_arm64"
url_api = "https://api.github.com/repos/mvdan/sh/releases/assets/547320869"

[tools.shfmt."platforms.linux-arm64-musl"]
checksum = "sha256:5f2db09dae91fca848f7adbdd014632e921a383863a2ad7e0450ad3aba0c6489"
url = "https://github.com/mvdan/sh/releases/download/v3.14.1/shfmt_v3.14.1_linux_arm64"
url_api = "https://api.github.com/repos/mvdan/sh/releases/assets/547320869"

[tools.shfmt."platforms.linux-x64"]
checksum = "sha256:76e77641faa025814b77f153b29796b8e6fa2fca03e0c76a691608b86c7ea7bf"
url = "https://github.com/mvdan/sh/releases/download/v3.14.1/shfmt_v3.14.1_linux_amd64"
url_api = "https://api.github.com/repos/mvdan/sh/releases/assets/547320883"

[tools.shfmt."platforms.linux-x64-musl"]
checksum = "sha256:76e77641faa025814b77f153b29796b8e6fa2fca03e0c76a691608b86c7ea7bf"
url = "https://github.com/mvdan/sh/releases/download/v3.14.1/shfmt_v3.14.1_linux_amd64"
url_api = "https://api.github.com/repos/mvdan/sh/releases/assets/547320883"

[tools.shfmt."platforms.macos-arm64"]
checksum = "sha256:b7c872db63553ccffc7253aba3ed7d4885a27d83f1ba567b1138c6315a5847e5"
url = "https://github.com/mvdan/sh/releases/download/v3.14.1/shfmt_v3.14.1_darwin_arm64"
url_api = "https://api.github.com/repos/mvdan/sh/releases/assets/547320930"

[tools.shfmt."platforms.macos-x64"]
checksum = "sha256:d33eee0da0f92835b3562e9767a05cee7e4eaeef47daa03bfd09da17b4b590a6"
url = "https://github.com/mvdan/sh/releases/download/v3.14.1/shfmt_v3.14.1_darwin_amd64"
url_api = "https://api.github.com/repos/mvdan/sh/releases/assets/547320946"

[tools.shfmt."platforms.windows-x64"]
checksum = "sha256:13629ce28442ca80b6b5a819f7574ab39e1c28c6e26734ca816c9714e04851df"
url = "https://github.com/mvdan/sh/releases/download/v3.14.1/shfmt_v3.14.1_windows_amd64.exe"
url_api = "https://api.github.com/repos/mvdan/sh/releases/assets/547320827"
