# @generated - this file is auto-generated by `mise lock` https://mise.en.dev/dev-tools/mise-lock.html

[conda-packages.linux-arm64."_openmp_mutex-4.5-20_gnu"]
url = "https://conda.anaconda.org/conda-forge/linux-aarch64/_openmp_mutex-4.5-20_gnu.conda"
checksum = "sha256:a2527b1d81792a0ccd2c05850960df119c2b6d8f5fdec97f2db7d25dc23b1068"

[conda-packages.linux-arm64."libgcc-15.2.0-h8acb6b2_19"]
url = "https://conda.anaconda.org/conda-forge/linux-aarch64/libgcc-15.2.0-h8acb6b2_19.conda"
checksum = "sha256:4592b096e553f67799ae70d4b6167eeda3ec74587d68c7aecbf4e7b1df136681"

[conda-packages.linux-arm64."libgomp-15.2.0-h8acb6b2_19"]
url = "https://conda.anaconda.org/conda-forge/linux-aarch64/libgomp-15.2.0-h8acb6b2_19.conda"
checksum = "sha256:2370ef0ffcbae5bede3c4bf136add4abc257245eb91f724c99bb4a43116c5a83"

[conda-packages.linux-arm64-musl."_openmp_mutex-4.5-20_gnu"]
url = "https://conda.anaconda.org/conda-forge/linux-aarch64/_openmp_mutex-4.5-20_gnu.conda"
checksum = "sha256:a2527b1d81792a0ccd2c05850960df119c2b6d8f5fdec97f2db7d25dc23b1068"

[conda-packages.linux-arm64-musl."libgcc-15.2.0-h8acb6b2_19"]
url = "https://conda.anaconda.org/conda-forge/linux-aarch64/libgcc-15.2.0-h8acb6b2_19.conda"
checksum = "sha256:4592b096e553f67799ae70d4b6167eeda3ec74587d68c7aecbf4e7b1df136681"

[conda-packages.linux-arm64-musl."libgomp-15.2.0-h8acb6b2_19"]
url = "https://conda.anaconda.org/conda-forge/linux-aarch64/libgomp-15.2.0-h8acb6b2_19.conda"
checksum = "sha256:2370ef0ffcbae5bede3c4bf136add4abc257245eb91f724c99bb4a43116c5a83"

[conda-packages.windows-x64."_openmp_mutex-4.5-20_gnu"]
url = "https://conda.anaconda.org/conda-forge/win-64/_openmp_mutex-4.5-20_gnu.conda"
checksum = "sha256:8a1cee28bd0ee7451ada1cd50b64720e57e17ff994fc62dd8329bef570d382e4"

[conda-packages.windows-x64."libgcc-15.2.0-h8ee18e1_19"]
url = "https://conda.anaconda.org/conda-forge/win-64/libgcc-15.2.0-h8ee18e1_19.conda"
checksum = "sha256:80e80ef5e31b00b12539db3c5aaecde60dab91381abfc1060e323d5c3b016dce"

[conda-packages.windows-x64."libgomp-15.2.0-h8ee18e1_19"]
url = "https://conda.anaconda.org/conda-forge/win-64/libgomp-15.2.0-h8ee18e1_19.conda"
checksum = "sha256:4dc958ced2fc7f42bc675b07e2c9abe3e150875ffdf62ca551d94fc6facf1fd7"

[conda-packages.windows-x64."libwinpthread-12.0.0.r4.gg4f2fc60ca-h57928b3_10"]
url = "https://conda.anaconda.org/conda-forge/win-64/libwinpthread-12.0.0.r4.gg4f2fc60ca-h57928b3_10.conda"
checksum = "sha256:0fccf2d17026255b6e10ace1f191d0a2a18f2d65088fd02430be17c701f8ffe0"

[conda-packages.windows-x64."ucrt-10.0.26100.0-h57928b3_0"]
url = "https://conda.anaconda.org/conda-forge/win-64/ucrt-10.0.26100.0-h57928b3_0.conda"
checksum = "sha256:3005729dce6f3d3f5ec91dfc49fc75a0095f9cd23bab49efb899657297ac91a5"

[[tools."aqua:numtide/treefmt"]]
version = "2.5.0"
backend = "aqua:numtide/treefmt"

[tools."aqua:numtide/treefmt"."platforms.linux-arm64"]
checksum = "sha256:fce47c6fc8cb6a87461b1309fc6d3102eade64b6fe0c9b86678b4eed9eb00e57"
url = "https://github.com/numtide/treefmt/releases/download/v2.5.0/treefmt_2.5.0_linux_arm64.tar.gz"

[tools."aqua:numtide/treefmt"."platforms.linux-arm64-musl"]
checksum = "sha256:fce47c6fc8cb6a87461b1309fc6d3102eade64b6fe0c9b86678b4eed9eb00e57"
url = "https://github.com/numtide/treefmt/releases/download/v2.5.0/treefmt_2.5.0_linux_arm64.tar.gz"

[tools."aqua:numtide/treefmt"."platforms.linux-x64"]
checksum = "sha256:95f707bf9666d08b50888b116768fd77f042ad5af92aa3b795f063160e72758f"
url = "https://github.com/numtide/treefmt/releases/download/v2.5.0/treefmt_2.5.0_linux_amd64.tar.gz"

[tools."aqua:numtide/treefmt"."platforms.linux-x64-musl"]
checksum = "sha256:95f707bf9666d08b50888b116768fd77f042ad5af92aa3b795f063160e72758f"
url = "https://github.com/numtide/treefmt/releases/download/v2.5.0/treefmt_2.5.0_linux_amd64.tar.gz"

[tools."aqua:numtide/treefmt"."platforms.macos-arm64"]
checksum = "sha256:a3cdfa8e92eb7c302bb851f73800187e75d5789f2a75835b403b158d77b2c376"
url = "https://github.com/numtide/treefmt/releases/download/v2.5.0/treefmt_2.5.0_darwin_arm64.tar.gz"

[tools."aqua:numtide/treefmt"."platforms.macos-x64"]
checksum = "sha256:21388b1f7d6c2f572e1ce9231f7dfc08f80a062438908791ab078c1d76b10a49"
url = "https://github.com/numtide/treefmt/releases/download/v2.5.0/treefmt_2.5.0_darwin_amd64.tar.gz"

[[tools."aqua:protocolbuffers/protobuf/protoc"]]
version = "34.1"
backend = "aqua:protocolbuffers/protobuf/protoc"

[tools."aqua:protocolbuffers/protobuf/protoc"."platforms.linux-arm64"]
checksum = "sha256:31c5e9e3c7bf013cf41fb97765ee255c140024a6b175b6cc9b64beddd7c23ba7"
url = "https://github.com/protocolbuffers/protobuf/releases/download/v34.1/protoc-34.1-linux-aarch_64.zip"

[tools."aqua:protocolbuffers/protobuf/protoc"."platforms.linux-arm64-musl"]
checksum = "sha256:31c5e9e3c7bf013cf41fb97765ee255c140024a6b175b6cc9b64beddd7c23ba7"
url = "https://github.com/protocolbuffers/protobuf/releases/download/v34.1/protoc-34.1-linux-aarch_64.zip"

[tools."aqua:protocolbuffers/protobuf/protoc"."platforms.linux-x64"]
checksum = "sha256:af27ea66cd26938fe48587804ca7d4817457a08350021a1c6e23a27ccc8c6904"
url = "https://github.com/protocolbuffers/protobuf/releases/download/v34.1/protoc-34.1-linux-x86_64.zip"

[tools."aqua:protocolbuffers/protobuf/protoc"."platforms.linux-x64-musl"]
checksum = "sha256:af27ea66cd26938fe48587804ca7d4817457a08350021a1c6e23a27ccc8c6904"
url = "https://github.com/protocolbuffers/protobuf/releases/download/v34.1/protoc-34.1-linux-x86_64.zip"

[tools."aqua:protocolbuffers/protobuf/protoc"."platforms.macos-arm64"]
checksum = "sha256:2c7e92b8b578916937df132b3032e2e8e6c170862ecf7a8333094a6f3d03650c"
url = "https://github.com/protocolbuffers/protobuf/releases/download/v34.1/protoc-34.1-osx-aarch_64.zip"

[tools."aqua:protocolbuffers/protobuf/protoc"."platforms.macos-x64"]
checksum = "sha256:ab124429c1f49951f03b6c0c0e911fec04e2c7c20de5c935e0cde7353bbd016c"
url = "https://github.com/protocolbuffers/protobuf/releases/download/v34.1/protoc-34.1-osx-x86_64.zip"

[tools."aqua:protocolbuffers/protobuf/protoc"."platforms.windows-x64"]
checksum = "sha256:6d7ebdc75e9c1f0026d4fb28f17ef1d0aae77d36744d83a9e052d79ba493724f"
url = "https://github.com/protocolbuffers/protobuf/releases/download/v34.1/protoc-34.1-win64.zip"

[[tools.buildifier]]
version = "8.5.1"
backend = "aqua:bazelbuild/buildtools/buildifier"

[tools.buildifier."platforms.linux-arm64"]
checksum = "sha256:947bf6700d708026b2057b09bea09abbc3cafc15d9ecea35bb3885c4b09ccd04"
url = "https://github.com/bazelbuild/buildtools/releases/download/v8.5.1/buildifier-linux-arm64"

[tools.buildifier."platforms.linux-arm64-musl"]
checksum = "sha256:947bf6700d708026b2057b09bea09abbc3cafc15d9ecea35bb3885c4b09ccd04"
url = "https://github.com/bazelbuild/buildtools/releases/download/v8.5.1/buildifier-linux-arm64"

[tools.buildifier."platforms.linux-x64"]
checksum = "sha256:887377fc64d23a850f4d18a077b5db05b19913f4b99b270d193f3c7334b5a9a7"
url = "https://github.com/bazelbuild/buildtools/releases/download/v8.5.1/buildifier-linux-amd64"

[tools.buildifier."platforms.linux-x64-musl"]
checksum = "sha256:887377fc64d23a850f4d18a077b5db05b19913f4b99b270d193f3c7334b5a9a7"
url = "https://github.com/bazelbuild/buildtools/releases/download/v8.5.1/buildifier-linux-amd64"

[tools.buildifier."platforms.macos-arm64"]
checksum = "sha256:62836a9667fa0db309b0d91e840f0a3f2813a9c8ea3e44b9cd58187c90bc88ba"
url = "https://github.com/bazelbuild/buildtools/releases/download/v8.5.1/buildifier-darwin-arm64"

[tools.buildifier."platforms.macos-x64"]
checksum = "sha256:31de189e1a3fe53aa9e8c8f74a0309c325274ad19793393919e1ca65163ca1a4"
url = "https://github.com/bazelbuild/buildtools/releases/download/v8.5.1/buildifier-darwin-amd64"

[tools.buildifier."platforms.windows-x64"]
checksum = "sha256:f4ecb9c73de2bc38b845d4ee27668f6248c4813a6647db4b4931a7556052e4e1"
url = "https://github.com/bazelbuild/buildtools/releases/download/v8.5.1/buildifier-windows-amd64.exe"

[[tools.go]]
version = "1.26.3"
backend = "core:go"

[tools.go."platforms.linux-arm64"]
checksum = "sha256:9d89a3ea57d141c2b22d70083f2c8459ba3890f2d9e818e7e933b75614936565"
url = "https://dl.google.com/go/go1.26.3.linux-arm64.tar.gz"

[tools.go."platforms.linux-arm64-musl"]
checksum = "sha256:9d89a3ea57d141c2b22d70083f2c8459ba3890f2d9e818e7e933b75614936565"
url = "https://dl.google.com/go/go1.26.3.linux-arm64.tar.gz"

[tools.go."platforms.linux-x64"]
checksum = "sha256:2b2cfc7148493da5e73981bffbf3353af381d5f93e789c82c79aff64962eb556"
url = "https://dl.google.com/go/go1.26.3.linux-amd64.tar.gz"

[tools.go."platforms.linux-x64-musl"]
checksum = "sha256:2b2cfc7148493da5e73981bffbf3353af381d5f93e789c82c79aff64962eb556"
url = "https://dl.google.com/go/go1.26.3.linux-amd64.tar.gz"

[tools.go."platforms.macos-arm64"]
checksum = "sha256:875cf54a15311eee2c99b9dd67c68c4a49351d489ab622bf2cfd28c8f2078d3c"
url = "https://dl.google.com/go/go1.26.3.darwin-arm64.tar.gz"

[tools.go."platforms.macos-x64"]
checksum = "sha256:278d580b32e299fe4a9c990fcf2d02acfe538c7e551a6ee18f9c7164573d2c63"
url = "https://dl.google.com/go/go1.26.3.darwin-amd64.tar.gz"

[tools.go."platforms.windows-x64"]
checksum = "sha256:20d2ceafb4ed41b96b879010927b28bc92a5be57a7c1801ce365a9ca51d3224a"
url = "https://dl.google.com/go/go1.26.3.windows-amd64.zip"

[[tools."go:golang.org/x/tools/cmd/goimports"]]
version = "0.45.0"
backend = "go:golang.org/x/tools/cmd/goimports"

[[tools."go:google.golang.org/protobuf/cmd/protoc-gen-go"]]
version = "1.36.11"
backend = "go:google.golang.org/protobuf/cmd/protoc-gen-go"

[[tools."go:gotest.tools/gotestsum"]]
version = "1.13.0"
backend = "go:gotest.tools/gotestsum"

[[tools.golangci-lint]]
version = "2.12.2"
backend = "aqua:golangci/golangci-lint"

[tools.golangci-lint."platforms.linux-arm64"]
checksum = "sha256:44cd40a8c76c86755375adfeea52cfd3533cb43d7bd647771e0ae065e166df3a"
url = "https://github.com/golangci/golangci-lint/releases/download/v2.12.2/golangci-lint-2.12.2-linux-arm64.tar.gz"
provenance = "github-attestations"

[tools.golangci-lint."platforms.linux-arm64-musl"]
checksum = "sha256:44cd40a8c76c86755375adfeea52cfd3533cb43d7bd647771e0ae065e166df3a"
url = "https://github.com/golangci/golangci-lint/releases/download/v2.12.2/golangci-lint-2.12.2-linux-arm64.tar.gz"
provenance = "github-attestations"

[tools.golangci-lint."platforms.linux-x64"]
checksum = "sha256:8df580d2670fed8fa984aac0507099af8df275e665215f5c7a2ae3943893a553"
url = "https://github.com/golangci/golangci-lint/releases/download/v2.12.2/golangci-lint-2.12.2-linux-amd64.tar.gz"
provenance = "github-attestations"

[tools.golangci-lint."platforms.linux-x64-musl"]
checksum = "sha256:8df580d2670fed8fa984aac0507099af8df275e665215f5c7a2ae3943893a553"
url = "https://github.com/golangci/golangci-lint/releases/download/v2.12.2/golangci-lint-2.12.2-linux-amd64.tar.gz"
provenance = "github-attestations"

[tools.golangci-lint."platforms.macos-arm64"]
checksum = "sha256:a9c54498731b3128f79e090be6110f3e5fffccc617b08142ed244d4126c73f29"
url = "https://github.com/golangci/golangci-lint/releases/download/v2.12.2/golangci-lint-2.12.2-darwin-arm64.tar.gz"
provenance = "github-attestations"

[tools.golangci-lint."platforms.macos-x64"]
checksum = "sha256:f6f06d94b6241521c53d15450c5209b028270bf966f842afb11c030c79f5bc16"
url = "https://github.com/golangci/golangci-lint/releases/download/v2.12.2/golangci-lint-2.12.2-darwin-amd64.tar.gz"
provenance = "github-attestations"

[tools.golangci-lint."platforms.windows-x64"]
checksum = "sha256:bd42e3ebc8cb4ececb86941983baaf1dc221bbb04d838e94ce63b49cc91e02bb"
url = "https://github.com/golangci/golangci-lint/releases/download/v2.12.2/golangci-lint-2.12.2-windows-amd64.zip"
provenance = "github-attestations"

[[tools.make]]
version = "4.4.1"
backend = "conda:make"

[tools.make."platforms.linux-arm64"]
checksum = "sha256:d243aea768e6fa360b7eda598340f43d2a41c9fc169d9f97f505410be68815f8"
url = "https://conda.anaconda.org/conda-forge/linux-aarch64/make-4.4.1-h2a6d0cb_2.conda"
conda_deps = [
    "libgcc-15.2.0-h8acb6b2_19",
    "_openmp_mutex-4.5-20_gnu",
    "libgomp-15.2.0-h8acb6b2_19",
]

[tools.make."platforms.linux-arm64-musl"]
checksum = "sha256:d243aea768e6fa360b7eda598340f43d2a41c9fc169d9f97f505410be68815f8"
url = "https://conda.anaconda.org/conda-forge/linux-aarch64/make-4.4.1-h2a6d0cb_2.conda"
conda_deps = [
    "libgcc-15.2.0-h8acb6b2_19",
    "_openmp_mutex-4.5-20_gnu",
    "libgomp-15.2.0-h8acb6b2_19",
]

[tools.make."platforms.macos-arm64"]
checksum = "sha256:90ca65e788406d9029ae23ad4bd944a8b5353ad5f59bd6ce326f980cde46f37e"
url = "https://conda.anaconda.org/conda-forge/osx-arm64/make-4.4.1-hc9fafa5_2.conda"
conda_deps = []

[tools.make."platforms.macos-x64"]
checksum = "sha256:5a5ab3ee828309185e0a76ca80f5da85f31d8480d923abb508ca00fe194d1b5a"
url = "https://conda.anaconda.org/conda-forge/osx-64/make-4.4.1-h00291cd_2.conda"
conda_deps = []

[tools.make."platforms.windows-x64"]
checksum = "sha256:a810cdca3d5fa50d562cda23c0c1195b45ff5f9b0c41e0d4c8c2dd3c043ff4f2"
url = "https://conda.anaconda.org/conda-forge/win-64/make-4.4.1-h0e40799_2.conda"
conda_deps = [
    "libgcc-15.2.0-h8ee18e1_19",
    "libwinpthread-12.0.0.r4.gg4f2fc60ca-h57928b3_10",
    "ucrt-10.0.26100.0-h57928b3_0",
    "_openmp_mutex-4.5-20_gnu",
    "libgomp-15.2.0-h8ee18e1_19",
]

[[tools.node]]
version = "24.16.0"
backend = "core:node"

[tools.node."platforms.linux-arm64"]
checksum = "sha256:589f5b6dd4fcfee4dfda73013903c966abaa8abd93dbc9d436544e472b4f0e74"
url = "https://nodejs.org/dist/v24.16.0/node-v24.16.0-linux-arm64.tar.gz"

[tools.node."platforms.linux-arm64-musl"]
checksum = "sha256:85dde27aa73503b03dadfa0410a800067b4e3f702fb7fcaa3beaf284dfcc69e9"
url = "https://unofficial-builds.nodejs.org/download/release/v24.16.0/node-v24.16.0-linux-arm64-musl.tar.gz"

[tools.node."platforms.linux-x64"]
checksum = "sha256:2faf6a387e9b62b888e21c54f01249fb27537ffecf1842f29f4c919d0a59a0ff"
url = "https://nodejs.org/dist/v24.16.0/node-v24.16.0-linux-x64.tar.gz"

[tools.node."platforms.linux-x64-musl"]
checksum = "sha256:50df5d8d474892d4f7b906167df36f77f5b93908f63dc532dc568219cab65841"
url = "https://unofficial-builds.nodejs.org/download/release/v24.16.0/node-v24.16.0-linux-x64-musl.tar.gz"

[tools.node."platforms.macos-arm64"]
checksum = "sha256:39189dab4eeb15706c424af0ac08a3044c9e48f7db12a7d77f6b7aafc7dd5df6"
url = "https://nodejs.org/dist/v24.16.0/node-v24.16.0-darwin-arm64.tar.gz"

[tools.node."platforms.macos-x64"]
checksum = "sha256:298b4c7b3cb80765c8703e42b90324a4ece3b6634947b89e769c3c980ab55185"
url = "https://nodejs.org/dist/v24.16.0/node-v24.16.0-darwin-x64.tar.gz"

[tools.node."platforms.windows-x64"]
checksum = "sha256:edaca9bd58ec8e92037dac4e877d52f6b8f430b81c18b57e264b4e2fb111cd56"
url = "https://nodejs.org/dist/v24.16.0/node-v24.16.0-win-x64.zip"

[[tools."npm:oxfmt"]]
version = "0.51.0"
backend = "npm:oxfmt"

[[tools.pkl]]
version = "0.31.1"
backend = "aqua:apple/pkl"

[tools.pkl."platforms.linux-arm64"]
checksum = "sha256:7ef10e743daa921fb94ae7bdb9ec6986f362bf250c55814b9ea2aeb13f2d083e"
url = "https://github.com/apple/pkl/releases/download/0.31.1/pkl-linux-aarch64"

[tools.pkl."platforms.linux-arm64-musl"]
checksum = "sha256:7ef10e743daa921fb94ae7bdb9ec6986f362bf250c55814b9ea2aeb13f2d083e"
url = "https://github.com/apple/pkl/releases/download/0.31.1/pkl-linux-aarch64"

[tools.pkl."platforms.linux-x64"]
checksum = "sha256:618f13955d755cafbfe8c9cba1d27635848cd49dbc6abffd398d2751db1231bf"
url = "https://github.com/apple/pkl/releases/download/0.31.1/pkl-linux-amd64"

[tools.pkl."platforms.linux-x64-musl"]
checksum = "sha256:618f13955d755cafbfe8c9cba1d27635848cd49dbc6abffd398d2751db1231bf"
url = "https://github.com/apple/pkl/releases/download/0.31.1/pkl-linux-amd64"

[tools.pkl."platforms.macos-arm64"]
checksum = "sha256:1b6a5438d9624cd2798a7530721bbbfa27ef72efe5c878a1b6c546c6e7ca0e8f"
url = "https://github.com/apple/pkl/releases/download/0.31.1/pkl-macos-aarch64"

[tools.pkl."platforms.macos-x64"]
checksum = "sha256:22123ed4ae4c03afa8c54c69f77f0bec39b0fa0f67b09d6d148e0a376a2a471d"
url = "https://github.com/apple/pkl/releases/download/0.31.1/pkl-macos-amd64"

[tools.pkl."platforms.windows-x64"]
checksum = "sha256:a8834481667325b44c539dbb758d7365a16389070f343c04b639bbe525ede013"
url = "https://github.com/apple/pkl/releases/download/0.31.1/pkl-windows-amd64.exe"

[[tools.prek]]
version = "0.4.2"
backend = "aqua:j178/prek"

[tools.prek."platforms.linux-arm64"]
checksum = "sha256:ceb234ca2e65ae3f726a04071778f851aa4fbee1a03f80e3783730a0905937fa"
url = "https://github.com/j178/prek/releases/download/v0.4.2/prek-aarch64-unknown-linux-musl.tar.gz"
provenance = "github-attestations"

[tools.prek."platforms.linux-arm64-musl"]
checksum = "sha256:ceb234ca2e65ae3f726a04071778f851aa4fbee1a03f80e3783730a0905937fa"
url = "https://github.com/j178/prek/releases/download/v0.4.2/prek-aarch64-unknown-linux-musl.tar.gz"
provenance = "github-attestations"

[tools.prek."platforms.linux-x64"]
checksum = "sha256:8966aac61df423e4188b05dce904982cdb07de57efb0c2bb83057a97ada64549"
url = "https://github.com/j178/prek/releases/download/v0.4.2/prek-x86_64-unknown-linux-musl.tar.gz"
provenance = "github-attestations"

[tools.prek."platforms.linux-x64-musl"]
checksum = "sha256:8966aac61df423e4188b05dce904982cdb07de57efb0c2bb83057a97ada64549"
url = "https://github.com/j178/prek/releases/download/v0.4.2/prek-x86_64-unknown-linux-musl.tar.gz"
provenance = "github-attestations"

[tools.prek."platforms.macos-arm64"]
checksum = "sha256:9ea984611f3830e86d3f49b289dc34e9f2750009b9a04ee1d21e893b32df5a04"
url = "https://github.com/j178/prek/releases/download/v0.4.2/prek-aarch64-apple-darwin.tar.gz"
provenance = "github-attestations"

[tools.prek."platforms.macos-x64"]
checksum = "sha256:e9784e6d120bd6811afdbb9805b500342e184b72603d7cda06cd222cfd7a6ad6"
url = "https://github.com/j178/prek/releases/download/v0.4.2/prek-x86_64-apple-darwin.tar.gz"
provenance = "github-attestations"

[tools.prek."platforms.windows-x64"]
checksum = "sha256:6b571c5100ebbaf868dc3c209f39ceb4ec16d6f1f297ee9fbdde013fc8b777f7"
url = "https://github.com/j178/prek/releases/download/v0.4.2/prek-x86_64-pc-windows-msvc.zip"
provenance = "github-attestations"

[[tools.shfmt]]
version = "3.12.0"
backend = "aqua:mvdan/sh"

[tools.shfmt."platforms.linux-arm64"]
checksum = "sha256:5f3fe3fa6a9f766e6a182ba79a94bef8afedafc57db0b1ad32b0f67fae971ba4"
url = "https://github.com/mvdan/sh/releases/download/v3.12.0/shfmt_v3.12.0_linux_arm64"

[tools.shfmt."platforms.linux-arm64-musl"]
checksum = "sha256:5f3fe3fa6a9f766e6a182ba79a94bef8afedafc57db0b1ad32b0f67fae971ba4"
url = "https://github.com/mvdan/sh/releases/download/v3.12.0/shfmt_v3.12.0_linux_arm64"

[tools.shfmt."platforms.linux-x64"]
checksum = "sha256:d9fbb2a9c33d13f47e7618cf362a914d029d02a6df124064fff04fd688a745ea"
url = "https://github.com/mvdan/sh/releases/download/v3.12.0/shfmt_v3.12.0_linux_amd64"

[tools.shfmt."platforms.linux-x64-musl"]
checksum = "sha256:d9fbb2a9c33d13f47e7618cf362a914d029d02a6df124064fff04fd688a745ea"
url = "https://github.com/mvdan/sh/releases/download/v3.12.0/shfmt_v3.12.0_linux_amd64"

[tools.shfmt."platforms.macos-arm64"]
checksum = "sha256:d903802e0ce3ecbc82b98512f55ba370b0d37a93f3f78de394f5b657052b33dd"
url = "https://github.com/mvdan/sh/releases/download/v3.12.0/shfmt_v3.12.0_darwin_arm64"

[tools.shfmt."platforms.macos-x64"]
checksum = "sha256:c31548693de6584e6164b7ed5fbb7b4a083f2d937ca94b4e0ddf59aa461a85e4"
url = "https://github.com/mvdan/sh/releases/download/v3.12.0/shfmt_v3.12.0_darwin_amd64"

[tools.shfmt."platforms.windows-x64"]
checksum = "sha256:c8bda517ba1c640ce4a715c0fa665439ddbe4357ba5e9b77b0e51e70e2b9c94b"
url = "https://github.com/mvdan/sh/releases/download/v3.12.0/shfmt_v3.12.0_windows_amd64.exe"
